
Microsoft Visual Studio Solution File, Format Version 12.00
# Visual Studio Version 16
VisualStudioVersion = 16.0.34407.143
MinimumVisualStudioVersion = 10.0.40219.1
Project("{FAE04EC0-301F-11D3-BF4B-00C04F79EFBC}") = "ExperimentWithControls", "ExperimentWithControls\ExperimentWithControls.csproj", "{852D2EAB-DC50-4606-829F-209BDB438D8C}"
EndProject
Global
	GlobalSection(SolutionConfigurationPlatforms) = preSolution
		Debug|Any CPU = Debug|Any CPU
		Release|Any CPU = Release|Any CPU
	EndGlobalSection
	GlobalSection(ProjectConfigurationPlatforms) = postSolution
		{852D2EAB-DC50-4606-829F-209BDB438D8C}.Debug|Any CPU.ActiveCfg = Debug|Any CPU
		{852D2EAB-DC50-4606-829F-209BDB438D8C}.Debug|Any CPU.Build.0 = Debug|Any CPU
		{852D2EAB-DC50-4606-829F-209BDB438D8C}.Release|Any CPU.ActiveCfg = Release|Any CPU
		{852D2EAB-DC50-4606-829F-209BDB438D8C}.Release|Any CPU.Build.0 = Release|Any CPU
	EndGlobalSection
	GlobalSection(SolutionProperties) = preSolution
		HideSolutionNode = FALSE
	EndGlobalSection
	GlobalSection(ExtensibilityGlobals) = postSolution
		SolutionGuid = {4BE4E800-183A-4731-9346-CC2FC21B56D6}
	EndGlobalSection
EndGlobal
